// !$*UTF8*$!
{
	archiveVersion = 1;
	classes = {
	};
	objectVersion = 46;
	objects = {

/* Begin PBXBuildFile section */
		9249DA6E14456EC70049F432 /* Foundation.framework in Frameworks */ = {isa = PBXBuildFile; fileRef = 9249DA6D14456EC70049F432 /* Foundation.framework */; };
		9249DA7414456EC70049F432 /* ZGLKit.m in Sources */ = {isa = PBXBuildFile; fileRef = 9249DA7314456EC70049F432 /* ZGLKit.m */; };
		9249DA7F14456F030049F432 /* ZGLKView.h in Headers */ = {isa = PBXBuildFile; fileRef = 9249DA7D14456F030049F432 /* ZGLKView.h */; };
		9249DA8014456F030049F432 /* ZGLKView.m in Sources */ = {isa = PBXBuildFile; fileRef = 9249DA7E14456F030049F432 /* ZGLKView.m */; };
		926693F3144965D000E33144 /* ZGLKNamedEffect.h in Headers */ = {isa = PBXBuildFile; fileRef = 926693F2144965D000E33144 /* ZGLKNamedEffect.h */; };
		926693F91449665400E33144 /* ZGLKBaseEffect.h in Headers */ = {isa = PBXBuildFile; fileRef = 926693F71449665400E33144 /* ZGLKBaseEffect.h */; };
		926693FA1449665400E33144 /* ZGLKBaseEffect.m in Sources */ = {isa = PBXBuildFile; fileRef = 926693F81449665400E33144 /* ZGLKBaseEffect.m */; };
		926693FE1449697300E33144 /* ZGLKMatrix3.c in Sources */ = {isa = PBXBuildFile; fileRef = 926693FD1449697300E33144 /* ZGLKMatrix3.c */; };
		926694001449698100E33144 /* ZGLKMatrix3.h in Headers */ = {isa = PBXBuildFile; fileRef = 926693FF1449698100E33144 /* ZGLKMatrix3.h */; };
		9266940214496CD900E33144 /* ZGLKMatrix4.h in Headers */ = {isa = PBXBuildFile; fileRef = 9266940114496CD900E33144 /* ZGLKMatrix4.h */; };
		9266940414496D0E00E33144 /* ZGLKQuaternion.h in Headers */ = {isa = PBXBuildFile; fileRef = 9266940314496D0E00E33144 /* ZGLKQuaternion.h */; };
		9266940614496D6500E33144 /* ZGLKVector2.h in Headers */ = {isa = PBXBuildFile; fileRef = 9266940514496D6500E33144 /* ZGLKVector2.h */; };
		9266940814496D8800E33144 /* ZGLKVector3.h in Headers */ = {isa = PBXBuildFile; fileRef = 9266940714496D8800E33144 /* ZGLKVector3.h */; };
		926AB636145C6E8D00D181F5 /* ZGLKEffectProperty.h in Headers */ = {isa = PBXBuildFile; fileRef = 926AB634145C6E8D00D181F5 /* ZGLKEffectProperty.h */; };
		926AB637145C6E8D00D181F5 /* ZGLKEffectProperty.m in Sources */ = {isa = PBXBuildFile; fileRef = 926AB635145C6E8D00D181F5 /* ZGLKEffectProperty.m */; };
		926AB63B145C6EAD00D181F5 /* ZGLKEffectPropertyTransform.h in Headers */ = {isa = PBXBuildFile; fileRef = 926AB639145C6EAD00D181F5 /* ZGLKEffectPropertyTransform.h */; };
		926AB63C145C6EAD00D181F5 /* ZGLKEffectPropertyTransform.m in Sources */ = {isa = PBXBuildFile; fileRef = 926AB63A145C6EAD00D181F5 /* ZGLKEffectPropertyTransform.m */; };
		9279088814496DDA002199A4 /* ZGLKVector4.h in Headers */ = {isa = PBXBuildFile; fileRef = 9279088714496DDA002199A4 /* ZGLKVector4.h */; };
		92F529A71446B42700BDB79B /* ZGLKViewController.h in Headers */ = {isa = PBXBuildFile; fileRef = 92F529A51446B42700BDB79B /* ZGLKViewController.h */; };
		92F529A81446B42700BDB79B /* ZGLKViewController.m in Sources */ = {isa = PBXBuildFile; fileRef = 92F529A61446B42700BDB79B /* ZGLKViewController.m */; };
		92F529AB1446C41900BDB79B /* NSDate+ZGLKAdditions.h in Headers */ = {isa = PBXBuildFile; fileRef = 92F529A91446C41900BDB79B /* NSDate+ZGLKAdditions.h */; };
		92F529AC1446C41900BDB79B /* NSDate+ZGLKAdditions.m in Sources */ = {isa = PBXBuildFile; fileRef = 92F529AA1446C41900BDB79B /* NSDate+ZGLKAdditions.m */; };
		92F6BA9314481D96004211EF /* OpenGLES.framework in Frameworks */ = {isa = PBXBuildFile; fileRef = 92F6BA9214481D96004211EF /* OpenGLES.framework */; };
/* End PBXBuildFile section */

/* Begin PBXFileReference section */
		9249DA6A14456EC70049F432 /* libZGLKit.a */ = {isa = PBXFileReference; explicitFileType = archive.ar; includeInIndex = 0; path = libZGLKit.a; sourceTree = BUILT_PRODUCTS_DIR; };
		9249DA6D14456EC70049F432 /* Foundation.framework */ = {isa = PBXFileReference; lastKnownFileType = wrapper.framework; name = Foundation.framework; path = System/Library/Frameworks/Foundation.framework; sourceTree = SDKROOT; };
		9249DA7114456EC70049F432 /* ZGLKit-Prefix.pch */ = {isa = PBXFileReference; lastKnownFileType = sourcecode.c.h; path = "ZGLKit-Prefix.pch"; sourceTree = "<group>"; };
		9249DA7214456EC70049F432 /* ZGLKit.h */ = {isa = PBXFileReference; lastKnownFileType = sourcecode.c.h; path = ZGLKit.h; sourceTree = "<group>"; };
		9249DA7314456EC70049F432 /* ZGLKit.m */ = {isa = PBXFileReference; lastKnownFileType = sourcecode.c.objc; path = ZGLKit.m; sourceTree = "<group>"; };
		9249DA7D14456F030049F432 /* ZGLKView.h */ = {isa = PBXFileReference; fileEncoding = 4; lastKnownFileType = sourcecode.c.h; path = ZGLKView.h; sourceTree = "<group>"; };
		9249DA7E14456F030049F432 /* ZGLKView.m */ = {isa = PBXFileReference; fileEncoding = 4; lastKnownFileType = sourcecode.c.objc; path = ZGLKView.m; sourceTree = "<group>"; };
		926693F2144965D000E33144 /* ZGLKNamedEffect.h */ = {isa = PBXFileReference; fileEncoding = 4; lastKnownFileType = sourcecode.c.h; path = ZGLKNamedEffect.h; sourceTree = "<group>"; };
		926693F71449665400E33144 /* ZGLKBaseEffect.h */ = {isa = PBXFileReference; fileEncoding = 4; lastKnownFileType = sourcecode.c.h; path = ZGLKBaseEffect.h; sourceTree = "<group>"; };
		926693F81449665400E33144 /* ZGLKBaseEffect.m */ = {isa = PBXFileReference; fileEncoding = 4; lastKnownFileType = sourcecode.c.objc; path = ZGLKBaseEffect.m; sourceTree = "<group>"; };
		926693FD1449697300E33144 /* ZGLKMatrix3.c */ = {isa = PBXFileReference; fileEncoding = 4; lastKnownFileType = sourcecode.c.c; path = ZGLKMatrix3.c; sourceTree = "<group>"; };
		926693FF1449698100E33144 /* ZGLKMatrix3.h */ = {isa = PBXFileReference; fileEncoding = 4; lastKnownFileType = sourcecode.c.h; path = ZGLKMatrix3.h; sourceTree = "<group>"; };
		9266940114496CD900E33144 /* ZGLKMatrix4.h */ = {isa = PBXFileReference; fileEncoding = 4; lastKnownFileType = sourcecode.c.h; path = ZGLKMatrix4.h; sourceTree = "<group>"; };
		9266940314496D0E00E33144 /* ZGLKQuaternion.h */ = {isa = PBXFileReference; fileEncoding = 4; lastKnownFileType = sourcecode.c.h; path = ZGLKQuaternion.h; sourceTree = "<group>"; };
		9266940514496D6500E33144 /* ZGLKVector2.h */ = {isa = PBXFileReference; fileEncoding = 4; lastKnownFileType = sourcecode.c.h; path = ZGLKVector2.h; sourceTree = "<group>"; };
		9266940714496D8800E33144 /* ZGLKVector3.h */ = {isa = PBXFileReference; fileEncoding = 4; lastKnownFileType = sourcecode.c.h; path = ZGLKVector3.h; sourceTree = "<group>"; };
		926AB634145C6E8D00D181F5 /* ZGLKEffectProperty.h */ = {isa = PBXFileReference; fileEncoding = 4; lastKnownFileType = sourcecode.c.h; path = ZGLKEffectProperty.h; sourceTree = "<group>"; };
		926AB635145C6E8D00D181F5 /* ZGLKEffectProperty.m */ = {isa = PBXFileReference; fileEncoding = 4; lastKnownFileType = sourcecode.c.objc; path = ZGLKEffectProperty.m; sourceTree = "<group>"; };
		926AB639145C6EAD00D181F5 /* ZGLKEffectPropertyTransform.h */ = {isa = PBXFileReference; fileEncoding = 4; lastKnownFileType = sourcecode.c.h; path = ZGLKEffectPropertyTransform.h; sourceTree = "<group>"; };
		926AB63A145C6EAD00D181F5 /* ZGLKEffectPropertyTransform.m */ = {isa = PBXFileReference; fileEncoding = 4; lastKnownFileType = sourcecode.c.objc; path = ZGLKEffectPropertyTransform.m; sourceTree = "<group>"; };
		9279088714496DDA002199A4 /* ZGLKVector4.h */ = {isa = PBXFileReference; fileEncoding = 4; lastKnownFileType = sourcecode.c.h; path = ZGLKVector4.h; sourceTree = "<group>"; };
		92F529A51446B42700BDB79B /* ZGLKViewController.h */ = {isa = PBXFileReference; fileEncoding = 4; lastKnownFileType = sourcecode.c.h; path = ZGLKViewController.h; sourceTree = "<group>"; };
		92F529A61446B42700BDB79B /* ZGLKViewController.m */ = {isa = PBXFileReference; fileEncoding = 4; lastKnownFileType = sourcecode.c.objc; path = ZGLKViewController.m; sourceTree = "<group>"; };
		92F529A91446C41900BDB79B /* NSDate+ZGLKAdditions.h */ = {isa = PBXFileReference; fileEncoding = 4; lastKnownFileType = sourcecode.c.h; path = "NSDate+ZGLKAdditions.h"; sourceTree = "<group>"; };
		92F529AA1446C41900BDB79B /* NSDate+ZGLKAdditions.m */ = {isa = PBXFileReference; fileEncoding = 4; lastKnownFileType = sourcecode.c.objc; path = "NSDate+ZGLKAdditions.m"; sourceTree = "<group>"; };
		92F6BA9214481D96004211EF /* OpenGLES.framework */ = {isa = PBXFileReference; lastKnownFileType = wrapper.framework; name = OpenGLES.framework; path = System/Library/Frameworks/OpenGLES.framework; sourceTree = SDKROOT; };
/* End PBXFileReference section */

/* Begin PBXFrameworksBuildPhase section */
		9249DA6714456EC70049F432 /* Frameworks */ = {
			isa = PBXFrameworksBuildPhase;
			buildActionMask = 2147483647;
			files = (
				92F6BA9314481D96004211EF /* OpenGLES.framework in Frameworks */,
				9249DA6E14456EC70049F432 /* Foundation.framework in Frameworks */,
			);
			runOnlyForDeploymentPostprocessing = 0;
		};
/* End PBXFrameworksBuildPhase section */

/* Begin PBXGroup section */
		9249DA5F14456EC70049F432 = {
			isa = PBXGroup;
			children = (
				9249DA6F14456EC70049F432 /* ZGLKit */,
				9249DA6C14456EC70049F432 /* Frameworks */,
				9249DA6B14456EC70049F432 /* Products */,
			);
			sourceTree = "<group>";
		};
		9249DA6B14456EC70049F432 /* Products */ = {
			isa = PBXGroup;
			children = (
				9249DA6A14456EC70049F432 /* libZGLKit.a */,
			);
			name = Products;
			sourceTree = "<group>";
		};
		9249DA6C14456EC70049F432 /* Frameworks */ = {
			isa = PBXGroup;
			children = (
				92F6BA9214481D96004211EF /* OpenGLES.framework */,
				9249DA6D14456EC70049F432 /* Foundation.framework */,
			);
			name = Frameworks;
			sourceTree = "<group>";
		};
		9249DA6F14456EC70049F432 /* ZGLKit */ = {
			isa = PBXGroup;
			children = (
				9249DA7014456EC70049F432 /* Supporting Files */,
				9249DA7214456EC70049F432 /* ZGLKit.h */,
				9249DA7314456EC70049F432 /* ZGLKit.m */,
				926693F2144965D000E33144 /* ZGLKNamedEffect.h */,
				9249DA7D14456F030049F432 /* ZGLKView.h */,
				9249DA7E14456F030049F432 /* ZGLKView.m */,
				92F529A51446B42700BDB79B /* ZGLKViewController.h */,
				92F529A61446B42700BDB79B /* ZGLKViewController.m */,
				92F529A91446C41900BDB79B /* NSDate+ZGLKAdditions.h */,
				92F529AA1446C41900BDB79B /* NSDate+ZGLKAdditions.m */,
				926693F71449665400E33144 /* ZGLKBaseEffect.h */,
				926693F81449665400E33144 /* ZGLKBaseEffect.m */,
				926693FD1449697300E33144 /* ZGLKMatrix3.c */,
				926693FF1449698100E33144 /* ZGLKMatrix3.h */,
				9266940114496CD900E33144 /* ZGLKMatrix4.h */,
				9266940314496D0E00E33144 /* ZGLKQuaternion.h */,
				9266940514496D6500E33144 /* ZGLKVector2.h */,
				9266940714496D8800E33144 /* ZGLKVector3.h */,
				9279088714496DDA002199A4 /* ZGLKVector4.h */,
				926AB634145C6E8D00D181F5 /* ZGLKEffectProperty.h */,
				926AB635145C6E8D00D181F5 /* ZGLKEffectProperty.m */,
				926AB639145C6EAD00D181F5 /* ZGLKEffectPropertyTransform.h */,
				926AB63A145C6EAD00D181F5 /* ZGLKEffectPropertyTransform.m */,
			);
			path = ZGLKit;
			sourceTree = "<group>";
		};
		9249DA7014456EC70049F432 /* Supporting Files */ = {
			isa = PBXGroup;
			children = (
				9249DA7114456EC70049F432 /* ZGLKit-Prefix.pch */,
			);
			name = "Supporting Files";
			sourceTree = "<group>";
		};
/* End PBXGroup section */

/* Begin PBXHeadersBuildPhase section */
		9249DA6814456EC70049F432 /* Headers */ = {
			isa = PBXHeadersBuildPhase;
			buildActionMask = 2147483647;
			files = (
				9249DA7F14456F030049F432 /* ZGLKView.h in Headers */,
				92F529A71446B42700BDB79B /* ZGLKViewController.h in Headers */,
				92F529AB1446C41900BDB79B /* NSDate+ZGLKAdditions.h in Headers */,
				926693F3144965D000E33144 /* ZGLKNamedEffect.h in Headers */,
				926693F91449665400E33144 /* ZGLKBaseEffect.h in Headers */,
				926694001449698100E33144 /* ZGLKMatrix3.h in Headers */,
				9266940214496CD900E33144 /* ZGLKMatrix4.h in Headers */,
				9266940414496D0E00E33144 /* ZGLKQuaternion.h in Headers */,
				9266940614496D6500E33144 /* ZGLKVector2.h in Headers */,
				9266940814496D8800E33144 /* ZGLKVector3.h in Headers */,
				9279088814496DDA002199A4 /* ZGLKVector4.h in Headers */,
				926AB636145C6E8D00D181F5 /* ZGLKEffectProperty.h in Headers */,
				926AB63B145C6EAD00D181F5 /* ZGLKEffectPropertyTransform.h in Headers */,
			);
			runOnlyForDeploymentPostprocessing = 0;
		};
/* End PBXHeadersBuildPhase section */

/* Begin PBXNativeTarget section */
		9249DA6914456EC70049F432 /* ZGLKit */ = {
			isa = PBXNativeTarget;
			buildConfigurationList = 9249DA7714456EC70049F432 /* Build configuration list for PBXNativeTarget "ZGLKit" */;
			buildPhases = (
				9249DA6614456EC70049F432 /* Sources */,
				9249DA6714456EC70049F432 /* Frameworks */,
				9249DA6814456EC70049F432 /* Headers */,
			);
			buildRules = (
			);
			dependencies = (
			);
			name = ZGLKit;
			productName = ZGLKit;
			productReference = 9249DA6A14456EC70049F432 /* libZGLKit.a */;
			productType = "com.apple.product-type.library.static";
		};
/* End PBXNativeTarget section */

/* Begin PBXProject section */
		9249DA6114456EC70049F432 /* Project object */ = {
			isa = PBXProject;
			attributes = {
				LastUpgradeCheck = 0420;
			};
			buildConfigurationList = 9249DA6414456EC70049F432 /* Build configuration list for PBXProject "ZGLKit" */;
			compatibilityVersion = "Xcode 3.2";
			developmentRegion = English;
			hasScannedForEncodings = 0;
			knownRegions = (
				en,
			);
			mainGroup = 9249DA5F14456EC70049F432;
			productRefGroup = 9249DA6B14456EC70049F432 /* Products */;
			projectDirPath = "";
			projectRoot = "";
			targets = (
				9249DA6914456EC70049F432 /* ZGLKit */,
			);
		};
/* End PBXProject section */

/* Begin PBXSourcesBuildPhase section */
		9249DA6614456EC70049F432 /* Sources */ = {
			isa = PBXSourcesBuildPhase;
			buildActionMask = 2147483647;
			files = (
				9249DA7414456EC70049F432 /* ZGLKit.m in Sources */,
				9249DA8014456F030049F432 /* ZGLKView.m in Sources */,
				92F529A81446B42700BDB79B /* ZGLKViewController.m in Sources */,
				92F529AC1446C41900BDB79B /* NSDate+ZGLKAdditions.m in Sources */,
				926693FA1449665400E33144 /* ZGLKBaseEffect.m in Sources */,
				926693FE1449697300E33144 /* ZGLKMatrix3.c in Sources */,
				926AB637145C6E8D00D181F5 /* ZGLKEffectProperty.m in Sources */,
				926AB63C145C6EAD00D181F5 /* ZGLKEffectPropertyTransform.m in Sources */,
			);
			runOnlyForDeploymentPostprocessing = 0;
		};
/* End PBXSourcesBuildPhase section */

/* Begin XCBuildConfiguration section */
		9249DA7514456EC70049F432 /* Debug */ = {
			isa = XCBuildConfiguration;
			buildSettings = {
				ALWAYS_SEARCH_USER_PATHS = NO;
				ARCHS = "$(ARCHS_STANDARD_32_BIT)";
				COPY_PHASE_STRIP = NO;
				GCC_C_LANGUAGE_STANDARD = gnu99;
				GCC_DYNAMIC_NO_PIC = NO;
				GCC_OPTIMIZATION_LEVEL = 0;
				GCC_PREPROCESSOR_DEFINITIONS = (
					"DEBUG=1",
					"$(inherited)",
				);
				GCC_SYMBOLS_PRIVATE_EXTERN = NO;
				GCC_VERSION = com.apple.compilers.llvm.clang.1_0;
				GCC_WARN_ABOUT_MISSING_PROTOTYPES = YES;
				GCC_WARN_ABOUT_RETURN_TYPE = YES;
				GCC_WARN_UNUSED_VARIABLE = YES;
				IPHONEOS_DEPLOYMENT_TARGET = 4.0;
				SDKROOT = iphoneos;
			};
			name = Debug;
		};
		9249DA7614456EC70049F432 /* Release */ = {
			isa = XCBuildConfiguration;
			buildSettings = {
				ALWAYS_SEARCH_USER_PATHS = NO;
				ARCHS = "$(ARCHS_STANDARD_32_BIT)";
				COPY_PHASE_STRIP = YES;
				GCC_C_LANGUAGE_STANDARD = gnu99;
				GCC_VERSION = com.apple.compilers.llvm.clang.1_0;
				GCC_WARN_ABOUT_MISSING_PROTOTYPES = YES;
				GCC_WARN_ABOUT_RETURN_TYPE = YES;
				GCC_WARN_UNUSED_VARIABLE = YES;
				IPHONEOS_DEPLOYMENT_TARGET = 4.0;
				SDKROOT = iphoneos;
				VALIDATE_PRODUCT = YES;
			};
			name = Release;
		};
		9249DA7814456EC70049F432 /* Debug */ = {
			isa = XCBuildConfiguration;
			buildSettings = {
				DSTROOT = /tmp/ZGLKit.dst;
				GCC_PRECOMPILE_PREFIX_HEADER = YES;
				GCC_PREFIX_HEADER = "ZGLKit/ZGLKit-Prefix.pch";
				OTHER_LDFLAGS = "-ObjC";
				PRODUCT_NAME = "$(TARGET_NAME)";
				SKIP_INSTALL = YES;
			};
			name = Debug;
		};
		9249DA7914456EC70049F432 /* Release */ = {
			isa = XCBuildConfiguration;
			buildSettings = {
				DSTROOT = /tmp/ZGLKit.dst;
				GCC_PRECOMPILE_PREFIX_HEADER = YES;
				GCC_PREFIX_HEADER = "ZGLKit/ZGLKit-Prefix.pch";
				OTHER_LDFLAGS = "-ObjC";
				PRODUCT_NAME = "$(TARGET_NAME)";
				SKIP_INSTALL = YES;
			};
			name = Release;
		};
/* End XCBuildConfiguration section */

/* Begin XCConfigurationList section */
		9249DA6414456EC70049F432 /* Build configuration list for PBXProject "ZGLKit" */ = {
			isa = XCConfigurationList;
			buildConfigurations = (
				9249DA7514456EC70049F432 /* Debug */,
				9249DA7614456EC70049F432 /* Release */,
			);
			defaultConfigurationIsVisible = 0;
			defaultConfigurationName = Release;
		};
		9249DA7714456EC70049F432 /* Build configuration list for PBXNativeTarget "ZGLKit" */ = {
			isa = XCConfigurationList;
			buildConfigurations = (
				9249DA7814456EC70049F432 /* Debug */,
				9249DA7914456EC70049F432 /* Release */,
			);
			defaultConfigurationIsVisible = 0;
			defaultConfigurationName = Release;
		};
/* End XCConfigurationList section */
	};
	rootObject = 9249DA6114456EC70049F432 /* Project object */;
}
